
Microsoft Visual Studio Solution File, Format Version 12.00
# Visual Studio Version 17
VisualStudioVersion = 17.6.33829.357
MinimumVisualStudioVersion = 10.0.40219.1
Project("{FAE04EC0-301F-11D3-BF4B-00C04F79EFBC}") = "TerrainMastery", "TerrainMastery.csproj", "{8BED845E-3424-4B05-904A-75AD0E8FA8C7}"
EndProject
Project("{D954291E-2A0B-460D-934E-DC6B0785DB48}") = "AlgernonCommonsPatchingShared", "..\..\AlgernonCommons\AlgernonCommonsPatchingShared.shproj", "{25AEF446-6F0D-43A8-BB84-D1306789B68C}"
EndProject
Global
	GlobalSection(SolutionConfigurationPlatforms) = preSolution
		Debug|Any CPU = Debug|Any CPU
		Release|Any CPU = Release|Any CPU
	EndGlobalSection
	GlobalSection(ProjectConfigurationPlatforms) = postSolution
		{8BED845E-3424-4B05-904A-75AD0E8FA8C7}.Debug|Any CPU.ActiveCfg = Debug|Any CPU
		{8BED845E-3424-4B05-904A-75AD0E8FA8C7}.Debug|Any CPU.Build.0 = Debug|Any CPU
		{8BED845E-3424-4B05-904A-75AD0E8FA8C7}.Release|Any CPU.ActiveCfg = Release|Any CPU
		{8BED845E-3424-4B05-904A-75AD0E8FA8C7}.Release|Any CPU.Build.0 = Release|Any CPU
	EndGlobalSection
	GlobalSection(SolutionProperties) = preSolution
		HideSolutionNode = FALSE
	EndGlobalSection
	GlobalSection(ExtensibilityGlobals) = postSolution
		SolutionGuid = {AE135B4E-F37D-452B-994B-565573EFD9E4}
	EndGlobalSection
	GlobalSection(SharedMSBuildProjectFiles) = preSolution
		..\..\AlgernonCommons\AlgernonCommonsPatchingShared.projitems*{25aef446-6f0d-43a8-bb84-d1306789b68c}*SharedItemsImports = 13
		..\..\AlgernonCommons\AlgernonCommonsPatchingShared.projitems*{8bed845e-3424-4b05-904a-75ad0e8fa8c7}*SharedItemsImports = 4
	EndGlobalSection
EndGlobal
